// !$*UTF8*$!
{
	archiveVersion = 1;
	classes = {
	};
	objectVersion = 48;
	objects = {

/* Begin PBXBuildFile section */
		E404B5E420061AA40058AC54 /* SetUnitTest.swift in Sources */ = {isa = PBXBuildFile; fileRef = E404B5E320061AA40058AC54 /* SetUnitTest.swift */; };
		E41DDF331F6CFCA500D8AE4D /* ProtocolOriented.swift in Sources */ = {isa = PBXBuildFile; fileRef = E41DDF321F6CFCA500D8AE4D /* ProtocolOriented.swift */; };
		E42E0EFB2069E16C005CF5B1 /* DispatchTimeEx.swift in Sources */ = {isa = PBXBuildFile; fileRef = E42E0EFA2069E16C005CF5B1 /* DispatchTimeEx.swift */; };
		E42E0EFC2069E190005CF5B1 /* DispatchTimeEx.swift in Sources */ = {isa = PBXBuildFile; fileRef = E42E0EFA2069E16C005CF5B1 /* DispatchTimeEx.swift */; };
		E42E0EFE2069EF9F005CF5B1 /* ThreadSafeArray.swift in Sources */ = {isa = PBXBuildFile; fileRef = E42E0EFD2069EF9F005CF5B1 /* ThreadSafeArray.swift */; };
		E42E0EFF2069EF9F005CF5B1 /* ThreadSafeArray.swift in Sources */ = {isa = PBXBuildFile; fileRef = E42E0EFD2069EF9F005CF5B1 /* ThreadSafeArray.swift */; };
		E4359CB3203088330055B9E8 /* CollectionGenericUnitTest.swift in Sources */ = {isa = PBXBuildFile; fileRef = E4359CB2203088330055B9E8 /* CollectionGenericUnitTest.swift */; };
		E4359CB520308EFD0055B9E8 /* BinarySearch.swift in Sources */ = {isa = PBXBuildFile; fileRef = E4359CB420308EFD0055B9E8 /* BinarySearch.swift */; };
		E43B5917205D454400D3E1A3 /* ThreadTest.swift in Sources */ = {isa = PBXBuildFile; fileRef = E43B5916205D454400D3E1A3 /* ThreadTest.swift */; };
		E43B59192061269400D3E1A3 /* MostFrequence.swift in Sources */ = {isa = PBXBuildFile; fileRef = E43B59182061269400D3E1A3 /* MostFrequence.swift */; };
		E43B591B20612DC300D3E1A3 /* MostFrequenceTest.swift in Sources */ = {isa = PBXBuildFile; fileRef = E43B591A20612DC300D3E1A3 /* MostFrequenceTest.swift */; };
		E43B591C20612DF000D3E1A3 /* MostFrequence.swift in Sources */ = {isa = PBXBuildFile; fileRef = E43B59182061269400D3E1A3 /* MostFrequence.swift */; };
		E43B591E20615A1100D3E1A3 /* OperationTest.swift in Sources */ = {isa = PBXBuildFile; fileRef = E43B591D20615A1100D3E1A3 /* OperationTest.swift */; };
		E43B592020615A2200D3E1A3 /* GCDTest.swift in Sources */ = {isa = PBXBuildFile; fileRef = E43B591F20615A2200D3E1A3 /* GCDTest.swift */; };
		E44307352029F347005D7D90 /* Stack.swift in Sources */ = {isa = PBXBuildFile; fileRef = E44307342029F347005D7D90 /* Stack.swift */; };
		E44DE0C41F32FCE00008D95D /* main.swift in Sources */ = {isa = PBXBuildFile; fileRef = E44DE0C31F32FCE00008D95D /* main.swift */; };
		E44DE0CC1F32FD580008D95D /* RTNotification.swift in Sources */ = {isa = PBXBuildFile; fileRef = E44DE0CB1F32FD580008D95D /* RTNotification.swift */; };
		E44DE0DA1F32FFC40008D95D /* RTNotificationTest.swift in Sources */ = {isa = PBXBuildFile; fileRef = E44DE0D91F32FFC40008D95D /* RTNotificationTest.swift */; };
		E44DE0DB1F32FFCC0008D95D /* RTNotification.swift in Sources */ = {isa = PBXBuildFile; fileRef = E44DE0CB1F32FD580008D95D /* RTNotification.swift */; };
		E462A77620301FAD004F3067 /* OverloadUnitTest.swift in Sources */ = {isa = PBXBuildFile; fileRef = E462A77520301FAD004F3067 /* OverloadUnitTest.swift */; };
		E4642C1A202174900041E8FF /* CBridging.m in Sources */ = {isa = PBXBuildFile; fileRef = E4642C19202174900041E8FF /* CBridging.m */; };
		E4642C1C202192940041E8FF /* SequenceUnitTest.swift in Sources */ = {isa = PBXBuildFile; fileRef = E4642C1B202192940041E8FF /* SequenceUnitTest.swift */; };
		E4642C1E2021AB450041E8FF /* CollectionUnitTest.swift in Sources */ = {isa = PBXBuildFile; fileRef = E4642C1D2021AB450041E8FF /* CollectionUnitTest.swift */; };
		E46BB62D20317FD300F8B815 /* FisherYates.swift in Sources */ = {isa = PBXBuildFile; fileRef = E46BB62C20317FD300F8B815 /* FisherYates.swift */; };
		E478395F1FFB935B002F14EC /* DictionaryUnitTest.swift in Sources */ = {isa = PBXBuildFile; fileRef = E478395E1FFB935B002F14EC /* DictionaryUnitTest.swift */; };
		E47F59B920260990009C5ECA /* Queue.swift in Sources */ = {isa = PBXBuildFile; fileRef = E47F59B820260990009C5ECA /* Queue.swift */; };
		E47F59BB202609D4009C5ECA /* List.swift in Sources */ = {isa = PBXBuildFile; fileRef = E47F59BA202609D4009C5ECA /* List.swift */; };
		E4868F821FFA8B9A00D63D1A /* ArrayUnitTest.swift in Sources */ = {isa = PBXBuildFile; fileRef = E4868F811FFA8B9A00D63D1A /* ArrayUnitTest.swift */; };
		E49CD0DA1F7F4C0A0025D1A1 /* MutiProtocol.swift in Sources */ = {isa = PBXBuildFile; fileRef = E49CD0D91F7F4C0A0025D1A1 /* MutiProtocol.swift */; };
		E4AFD27A1F45A98B0087F79E /* Media.swift in Sources */ = {isa = PBXBuildFile; fileRef = E4AFD2791F45A98B0087F79E /* Media.swift */; };
		E4AFD27B1F45A9CA0087F79E /* Media.swift in Sources */ = {isa = PBXBuildFile; fileRef = E4AFD2791F45A98B0087F79E /* Media.swift */; };
		E4AFD27D1F45A9FB0087F79E /* PatternMatchTest.swift in Sources */ = {isa = PBXBuildFile; fileRef = E4AFD27C1F45A9FB0087F79E /* PatternMatchTest.swift */; };
		E4B340AE203E962C00896348 /* IndexSearch.swift in Sources */ = {isa = PBXBuildFile; fileRef = E4B340AD203E962C00896348 /* IndexSearch.swift */; };
		E4B340B1203EC1DB00896348 /* Protocol.swift in Sources */ = {isa = PBXBuildFile; fileRef = E4B340B0203EC1DB00896348 /* Protocol.swift */; };
		E4B340B3203EC1F200896348 /* ProtocolUnitTest.swift in Sources */ = {isa = PBXBuildFile; fileRef = E4B340B2203EC1F200896348 /* ProtocolUnitTest.swift */; };
		E4CA5CB6202AEC970086F98F /* CodableTest.swift in Sources */ = {isa = PBXBuildFile; fileRef = E4CA5CB5202AEC970086F98F /* CodableTest.swift */; };
		E4DE05D1202F3F950056838D /* PrefixIterator.swift in Sources */ = {isa = PBXBuildFile; fileRef = E4DE05D0202F3F950056838D /* PrefixIterator.swift */; };
/* End PBXBuildFile section */

/* Begin PBXCopyFilesBuildPhase section */
		E44DE0BE1F32FCDF0008D95D /* CopyFiles */ = {
			isa = PBXCopyFilesBuildPhase;
			buildActionMask = 2147483647;
			dstPath = /usr/share/man/man1/;
			dstSubfolderSpec = 0;
			files = (
			);
			runOnlyForDeploymentPostprocessing = 1;
		};
/* End PBXCopyFilesBuildPhase section */

/* Begin PBXFileReference section */
		E404B5E320061AA40058AC54 /* SetUnitTest.swift */ = {isa = PBXFileReference; lastKnownFileType = sourcecode.swift; path = SetUnitTest.swift; sourceTree = "<group>"; };
		E41DDF321F6CFCA500D8AE4D /* ProtocolOriented.swift */ = {isa = PBXFileReference; lastKnownFileType = sourcecode.swift; path = ProtocolOriented.swift; sourceTree = "<group>"; };
		E42E0EFA2069E16C005CF5B1 /* DispatchTimeEx.swift */ = {isa = PBXFileReference; lastKnownFileType = sourcecode.swift; path = DispatchTimeEx.swift; sourceTree = "<group>"; };
		E42E0EFD2069EF9F005CF5B1 /* ThreadSafeArray.swift */ = {isa = PBXFileReference; lastKnownFileType = sourcecode.swift; path = ThreadSafeArray.swift; sourceTree = "<group>"; };
		E4359CB2203088330055B9E8 /* CollectionGenericUnitTest.swift */ = {isa = PBXFileReference; lastKnownFileType = sourcecode.swift; path = CollectionGenericUnitTest.swift; sourceTree = "<group>"; };
		E4359CB420308EFD0055B9E8 /* BinarySearch.swift */ = {isa = PBXFileReference; lastKnownFileType = sourcecode.swift; path = BinarySearch.swift; sourceTree = "<group>"; };
		E43B5916205D454400D3E1A3 /* ThreadTest.swift */ = {isa = PBXFileReference; lastKnownFileType = sourcecode.swift; path = ThreadTest.swift; sourceTree = "<group>"; };
		E43B59182061269400D3E1A3 /* MostFrequence.swift */ = {isa = PBXFileReference; lastKnownFileType = sourcecode.swift; path = MostFrequence.swift; sourceTree = "<group>"; };
		E43B591A20612DC300D3E1A3 /* MostFrequenceTest.swift */ = {isa = PBXFileReference; lastKnownFileType = sourcecode.swift; path = MostFrequenceTest.swift; sourceTree = "<group>"; };
		E43B591D20615A1100D3E1A3 /* OperationTest.swift */ = {isa = PBXFileReference; lastKnownFileType = sourcecode.swift; path = OperationTest.swift; sourceTree = "<group>"; };
		E43B591F20615A2200D3E1A3 /* GCDTest.swift */ = {isa = PBXFileReference; lastKnownFileType = sourcecode.swift; path = GCDTest.swift; sourceTree = "<group>"; };
		E44307342029F347005D7D90 /* Stack.swift */ = {isa = PBXFileReference; lastKnownFileType = sourcecode.swift; path = Stack.swift; sourceTree = "<group>"; };
		E44DE0C01F32FCE00008D95D /* SwiftAdvance */ = {isa = PBXFileReference; explicitFileType = "compiled.mach-o.executable"; includeInIndex = 0; path = SwiftAdvance; sourceTree = BUILT_PRODUCTS_DIR; };
		E44DE0C31F32FCE00008D95D /* main.swift */ = {isa = PBXFileReference; lastKnownFileType = sourcecode.swift; path = main.swift; sourceTree = "<group>"; };
		E44DE0CB1F32FD580008D95D /* RTNotification.swift */ = {isa = PBXFileReference; lastKnownFileType = sourcecode.swift; path = RTNotification.swift; sourceTree = "<group>"; };
		E44DE0D11F32FF990008D95D /* SwiftAdvanceUnitTest.xctest */ = {isa = PBXFileReference; explicitFileType = wrapper.cfbundle; includeInIndex = 0; path = SwiftAdvanceUnitTest.xctest; sourceTree = BUILT_PRODUCTS_DIR; };
		E44DE0D51F32FF990008D95D /* Info.plist */ = {isa = PBXFileReference; lastKnownFileType = text.plist.xml; path = Info.plist; sourceTree = "<group>"; };
		E44DE0D91F32FFC40008D95D /* RTNotificationTest.swift */ = {isa = PBXFileReference; lastKnownFileType = sourcecode.swift; path = RTNotificationTest.swift; sourceTree = "<group>"; };
		E462A77520301FAD004F3067 /* OverloadUnitTest.swift */ = {isa = PBXFileReference; lastKnownFileType = sourcecode.swift; path = OverloadUnitTest.swift; sourceTree = "<group>"; };
		E4642C142021743E0041E8FF /* SwiftAdvanceUnitTest-Bridging-Header.h */ = {isa = PBXFileReference; lastKnownFileType = sourcecode.c.h; path = "SwiftAdvanceUnitTest-Bridging-Header.h"; sourceTree = "<group>"; };
		E4642C18202174900041E8FF /* CBridging.h */ = {isa = PBXFileReference; lastKnownFileType = sourcecode.c.h; path = CBridging.h; sourceTree = "<group>"; };
		E4642C19202174900041E8FF /* CBridging.m */ = {isa = PBXFileReference; lastKnownFileType = sourcecode.c.objc; path = CBridging.m; sourceTree = "<group>"; };
		E4642C1B202192940041E8FF /* SequenceUnitTest.swift */ = {isa = PBXFileReference; fileEncoding = 4; lastKnownFileType = sourcecode.swift; path = SequenceUnitTest.swift; sourceTree = "<group>"; };
		E4642C1D2021AB450041E8FF /* CollectionUnitTest.swift */ = {isa = PBXFileReference; lastKnownFileType = sourcecode.swift; path = CollectionUnitTest.swift; sourceTree = "<group>"; };
		E46BB62C20317FD300F8B815 /* FisherYates.swift */ = {isa = PBXFileReference; lastKnownFileType = sourcecode.swift; path = FisherYates.swift; sourceTree = "<group>"; };
		E478395E1FFB935B002F14EC /* DictionaryUnitTest.swift */ = {isa = PBXFileReference; lastKnownFileType = sourcecode.swift; path = DictionaryUnitTest.swift; sourceTree = "<group>"; };
		E47F59B820260990009C5ECA /* Queue.swift */ = {isa = PBXFileReference; lastKnownFileType = sourcecode.swift; path = Queue.swift; sourceTree = "<group>"; };
		E47F59BA202609D4009C5ECA /* List.swift */ = {isa = PBXFileReference; lastKnownFileType = sourcecode.swift; path = List.swift; sourceTree = "<group>"; };
		E4868F811FFA8B9A00D63D1A /* ArrayUnitTest.swift */ = {isa = PBXFileReference; lastKnownFileType = sourcecode.swift; path = ArrayUnitTest.swift; sourceTree = "<group>"; };
		E49CD0D91F7F4C0A0025D1A1 /* MutiProtocol.swift */ = {isa = PBXFileReference; lastKnownFileType = sourcecode.swift; path = MutiProtocol.swift; sourceTree = "<group>"; };
		E4AFD2791F45A98B0087F79E /* Media.swift */ = {isa = PBXFileReference; lastKnownFileType = sourcecode.swift; path = Media.swift; sourceTree = "<group>"; };
		E4AFD27C1F45A9FB0087F79E /* PatternMatchTest.swift */ = {isa = PBXFileReference; lastKnownFileType = sourcecode.swift; path = PatternMatchTest.swift; sourceTree = "<group>"; };
		E4B340AD203E962C00896348 /* IndexSearch.swift */ = {isa = PBXFileReference; lastKnownFileType = sourcecode.swift; path = IndexSearch.swift; sourceTree = "<group>"; };
		E4B340B0203EC1DB00896348 /* Protocol.swift */ = {isa = PBXFileReference; lastKnownFileType = sourcecode.swift; path = Protocol.swift; sourceTree = "<group>"; };
		E4B340B2203EC1F200896348 /* ProtocolUnitTest.swift */ = {isa = PBXFileReference; lastKnownFileType = sourcecode.swift; path = ProtocolUnitTest.swift; sourceTree = "<group>"; };
		E4CA5CB5202AEC970086F98F /* CodableTest.swift */ = {isa = PBXFileReference; lastKnownFileType = sourcecode.swift; path = CodableTest.swift; sourceTree = "<group>"; };
		E4DE05D0202F3F950056838D /* PrefixIterator.swift */ = {isa = PBXFileReference; lastKnownFileType = sourcecode.swift; path = PrefixIterator.swift; sourceTree = "<group>"; };
/* End PBXFileReference section */

/* Begin PBXFrameworksBuildPhase section */
		E44DE0BD1F32FCDF0008D95D /* Frameworks */ = {
			isa = PBXFrameworksBuildPhase;
			buildActionMask = 2147483647;
			files = (
			);
			runOnlyForDeploymentPostprocessing = 0;
		};
		E44DE0CE1F32FF990008D95D /* Frameworks */ = {
			isa = PBXFrameworksBuildPhase;
			buildActionMask = 2147483647;
			files = (
			);
			runOnlyForDeploymentPostprocessing = 0;
		};
/* End PBXFrameworksBuildPhase section */

/* Begin PBXGroup section */
		E41DDF311F6CFC7700D8AE4D /* 面向协议编程 */ = {
			isa = PBXGroup;
			children = (
				E41DDF321F6CFCA500D8AE4D /* ProtocolOriented.swift */,
			);
			path = "面向协议编程";
			sourceTree = "<group>";
		};
		E42E0EF92069E153005CF5B1 /* Extension */ = {
			isa = PBXGroup;
			children = (
				E42E0EFA2069E16C005CF5B1 /* DispatchTimeEx.swift */,
			);
			path = Extension;
			sourceTree = "<group>";
		};
		E44DE0B71F32FCDF0008D95D = {
			isa = PBXGroup;
			children = (
				E44DE0C21F32FCE00008D95D /* SwiftAdvance */,
				E44DE0D21F32FF990008D95D /* SwiftAdvanceUnitTest */,
				E44DE0C11F32FCE00008D95D /* Products */,
			);
			sourceTree = "<group>";
		};
		E44DE0C11F32FCE00008D95D /* Products */ = {
			isa = PBXGroup;
			children = (
				E44DE0C01F32FCE00008D95D /* SwiftAdvance */,
				E44DE0D11F32FF990008D95D /* SwiftAdvanceUnitTest.xctest */,
			);
			name = Products;
			sourceTree = "<group>";
		};
		E44DE0C21F32FCE00008D95D /* SwiftAdvance */ = {
			isa = PBXGroup;
			children = (
				E49CD0D81F7F4B780025D1A1 /* 菱形问题 */,
				E41DDF311F6CFC7700D8AE4D /* 面向协议编程 */,
				E4AFD2781F45A9510087F79E /* 匹配模式case简化逻辑 */,
				E44DE0CA1F32FCF50008D95D /* 使用enum简化通知 */,
				E44DE0C31F32FCE00008D95D /* main.swift */,
				E43B59182061269400D3E1A3 /* MostFrequence.swift */,
				E43B5916205D454400D3E1A3 /* ThreadTest.swift */,
				E42E0EFD2069EF9F005CF5B1 /* ThreadSafeArray.swift */,
				E42E0EF92069E153005CF5B1 /* Extension */,
			);
			path = SwiftAdvance;
			sourceTree = "<group>";
		};
		E44DE0CA1F32FCF50008D95D /* 使用enum简化通知 */ = {
			isa = PBXGroup;
			children = (
				E44DE0CB1F32FD580008D95D /* RTNotification.swift */,
			);
			path = "使用enum简化通知";
			sourceTree = "<group>";
		};
		E44DE0D21F32FF990008D95D /* SwiftAdvanceUnitTest */ = {
			isa = PBXGroup;
			children = (
				E4868F7F1FFA8A1C00D63D1A /* AdcancedSwift */,
				E44DE0D91F32FFC40008D95D /* RTNotificationTest.swift */,
				E4AFD27C1F45A9FB0087F79E /* PatternMatchTest.swift */,
				E4CA5CB5202AEC970086F98F /* CodableTest.swift */,
				E43B591D20615A1100D3E1A3 /* OperationTest.swift */,
				E43B591F20615A2200D3E1A3 /* GCDTest.swift */,
				E43B591A20612DC300D3E1A3 /* MostFrequenceTest.swift */,
				E44DE0D51F32FF990008D95D /* Info.plist */,
			);
			path = SwiftAdvanceUnitTest;
			sourceTree = "<group>";
		};
		E462A77220301F60004F3067 /* 9泛型 */ = {
			isa = PBXGroup;
			children = (
				E462A77520301FAD004F3067 /* OverloadUnitTest.swift */,
				E4359CB2203088330055B9E8 /* CollectionGenericUnitTest.swift */,
				E4359CB420308EFD0055B9E8 /* BinarySearch.swift */,
				E46BB62C20317FD300F8B815 /* FisherYates.swift */,
				E4B340AD203E962C00896348 /* IndexSearch.swift */,
			);
			path = "9泛型";
			sourceTree = "<group>";
		};
		E47F59B720260974009C5ECA /* Collection */ = {
			isa = PBXGroup;
			children = (
				E4642C1D2021AB450041E8FF /* CollectionUnitTest.swift */,
				E47F59BA202609D4009C5ECA /* List.swift */,
				E44307342029F347005D7D90 /* Stack.swift */,
				E47F59B820260990009C5ECA /* Queue.swift */,
				E4DE05D0202F3F950056838D /* PrefixIterator.swift */,
			);
			path = Collection;
			sourceTree = "<group>";
		};
		E4868F7F1FFA8A1C00D63D1A /* AdcancedSwift */ = {
			isa = PBXGroup;
			children = (
				E4868F801FFA8A3300D63D1A /* 2内建集合类型 */,
				E4F45605201F613B00BAA926 /* 3集合类型协议 */,
				E462A77220301F60004F3067 /* 9泛型 */,
				E4B340AF203EC1B700896348 /* 10协议 */,
			);
			path = AdcancedSwift;
			sourceTree = "<group>";
		};
		E4868F801FFA8A3300D63D1A /* 2内建集合类型 */ = {
			isa = PBXGroup;
			children = (
				E4868F811FFA8B9A00D63D1A /* ArrayUnitTest.swift */,
				E478395E1FFB935B002F14EC /* DictionaryUnitTest.swift */,
				E404B5E320061AA40058AC54 /* SetUnitTest.swift */,
			);
			path = "2内建集合类型";
			sourceTree = "<group>";
		};
		E49CD0D81F7F4B780025D1A1 /* 菱形问题 */ = {
			isa = PBXGroup;
			children = (
				E49CD0D91F7F4C0A0025D1A1 /* MutiProtocol.swift */,
			);
			path = "菱形问题";
			sourceTree = "<group>";
		};
		E4AFD2781F45A9510087F79E /* 匹配模式case简化逻辑 */ = {
			isa = PBXGroup;
			children = (
				E4AFD2791F45A98B0087F79E /* Media.swift */,
			);
			path = "匹配模式case简化逻辑";
			sourceTree = "<group>";
		};
		E4B340AF203EC1B700896348 /* 10协议 */ = {
			isa = PBXGroup;
			children = (
				E4B340B2203EC1F200896348 /* ProtocolUnitTest.swift */,
				E4B340B0203EC1DB00896348 /* Protocol.swift */,
			);
			path = "10协议";
			sourceTree = "<group>";
		};
		E4F45605201F613B00BAA926 /* 3集合类型协议 */ = {
			isa = PBXGroup;
			children = (
				E4642C1B202192940041E8FF /* SequenceUnitTest.swift */,
				E47F59B720260974009C5ECA /* Collection */,
				E4642C18202174900041E8FF /* CBridging.h */,
				E4642C19202174900041E8FF /* CBridging.m */,
				E4642C142021743E0041E8FF /* SwiftAdvanceUnitTest-Bridging-Header.h */,
			);
			path = "3集合类型协议";
			sourceTree = "<group>";
		};
/* End PBXGroup section */

/* Begin PBXNativeTarget section */
		E44DE0BF1F32FCDF0008D95D /* SwiftAdvance */ = {
			isa = PBXNativeTarget;
			buildConfigurationList = E44DE0C71F32FCE00008D95D /* Build configuration list for PBXNativeTarget "SwiftAdvance" */;
			buildPhases = (
				E44DE0BC1F32FCDF0008D95D /* Sources */,
				E44DE0BD1F32FCDF0008D95D /* Frameworks */,
				E44DE0BE1F32FCDF0008D95D /* CopyFiles */,
			);
			buildRules = (
			);
			dependencies = (
			);
			name = SwiftAdvance;
			productName = SwiftAdvance;
			productReference = E44DE0C01F32FCE00008D95D /* SwiftAdvance */;
			productType = "com.apple.product-type.tool";
		};
		E44DE0D01F32FF990008D95D /* SwiftAdvanceUnitTest */ = {
			isa = PBXNativeTarget;
			buildConfigurationList = E44DE0D61F32FF990008D95D /* Build configuration list for PBXNativeTarget "SwiftAdvanceUnitTest" */;
			buildPhases = (
				E44DE0CD1F32FF990008D95D /* Sources */,
				E44DE0CE1F32FF990008D95D /* Frameworks */,
				E44DE0CF1F32FF990008D95D /* Resources */,
			);
			buildRules = (
			);
			dependencies = (
			);
			name = SwiftAdvanceUnitTest;
			productName = SwiftAdvanceUnitTest;
			productReference = E44DE0D11F32FF990008D95D /* SwiftAdvanceUnitTest.xctest */;
			productType = "com.apple.product-type.bundle.unit-test";
		};
/* End PBXNativeTarget section */

/* Begin PBXProject section */
		E44DE0B81F32FCDF0008D95D /* Project object */ = {
			isa = PBXProject;
			attributes = {
				LastSwiftUpdateCheck = 0900;
				LastUpgradeCheck = 0900;
				ORGANIZATIONNAME = ray;
				TargetAttributes = {
					E44DE0BF1F32FCDF0008D95D = {
						CreatedOnToolsVersion = 9.0;
						LastSwiftMigration = 0910;
					};
					E44DE0D01F32FF990008D95D = {
						CreatedOnToolsVersion = 9.0;
						LastSwiftMigration = 0910;
					};
				};
			};
			buildConfigurationList = E44DE0BB1F32FCDF0008D95D /* Build configuration list for PBXProject "SwiftAdvance" */;
			compatibilityVersion = "Xcode 8.0";
			developmentRegion = en;
			hasScannedForEncodings = 0;
			knownRegions = (
				en,
			);
			mainGroup = E44DE0B71F32FCDF0008D95D;
			productRefGroup = E44DE0C11F32FCE00008D95D /* Products */;
			projectDirPath = "";
			projectRoot = "";
			targets = (
				E44DE0BF1F32FCDF0008D95D /* SwiftAdvance */,
				E44DE0D01F32FF990008D95D /* SwiftAdvanceUnitTest */,
			);
		};
/* End PBXProject section */

/* Begin PBXResourcesBuildPhase section */
		E44DE0CF1F32FF990008D95D /* Resources */ = {
			isa = PBXResourcesBuildPhase;
			buildActionMask = 2147483647;
			files = (
			);
			runOnlyForDeploymentPostprocessing = 0;
		};
/* End PBXResourcesBuildPhase section */

/* Begin PBXSourcesBuildPhase section */
		E44DE0BC1F32FCDF0008D95D /* Sources */ = {
			isa = PBXSourcesBuildPhase;
			buildActionMask = 2147483647;
			files = (
				E44DE0CC1F32FD580008D95D /* RTNotification.swift in Sources */,
				E41DDF331F6CFCA500D8AE4D /* ProtocolOriented.swift in Sources */,
				E44DE0C41F32FCE00008D95D /* main.swift in Sources */,
				E42E0EFB2069E16C005CF5B1 /* DispatchTimeEx.swift in Sources */,
				E42E0EFE2069EF9F005CF5B1 /* ThreadSafeArray.swift in Sources */,
				E43B5917205D454400D3E1A3 /* ThreadTest.swift in Sources */,
				E4AFD27A1F45A98B0087F79E /* Media.swift in Sources */,
				E49CD0DA1F7F4C0A0025D1A1 /* MutiProtocol.swift in Sources */,
				E43B59192061269400D3E1A3 /* MostFrequence.swift in Sources */,
			);
			runOnlyForDeploymentPostprocessing = 0;
		};
		E44DE0CD1F32FF990008D95D /* Sources */ = {
			isa = PBXSourcesBuildPhase;
			buildActionMask = 2147483647;
			files = (
				E404B5E420061AA40058AC54 /* SetUnitTest.swift in Sources */,
				E42E0EFC2069E190005CF5B1 /* DispatchTimeEx.swift in Sources */,
				E478395F1FFB935B002F14EC /* DictionaryUnitTest.swift in Sources */,
				E4B340AE203E962C00896348 /* IndexSearch.swift in Sources */,
				E4359CB520308EFD0055B9E8 /* BinarySearch.swift in Sources */,
				E4359CB3203088330055B9E8 /* CollectionGenericUnitTest.swift in Sources */,
				E42E0EFF2069EF9F005CF5B1 /* ThreadSafeArray.swift in Sources */,
				E4DE05D1202F3F950056838D /* PrefixIterator.swift in Sources */,
				E43B591E20615A1100D3E1A3 /* OperationTest.swift in Sources */,
				E44307352029F347005D7D90 /* Stack.swift in Sources */,
				E43B591C20612DF000D3E1A3 /* MostFrequence.swift in Sources */,
				E44DE0DA1F32FFC40008D95D /* RTNotificationTest.swift in Sources */,
				E46BB62D20317FD300F8B815 /* FisherYates.swift in Sources */,
				E4642C1C202192940041E8FF /* SequenceUnitTest.swift in Sources */,
				E47F59BB202609D4009C5ECA /* List.swift in Sources */,
				E4868F821FFA8B9A00D63D1A /* ArrayUnitTest.swift in Sources */,
				E44DE0DB1F32FFCC0008D95D /* RTNotification.swift in Sources */,
				E4AFD27B1F45A9CA0087F79E /* Media.swift in Sources */,
				E43B592020615A2200D3E1A3 /* GCDTest.swift in Sources */,
				E47F59B920260990009C5ECA /* Queue.swift in Sources */,
				E4642C1E2021AB450041E8FF /* CollectionUnitTest.swift in Sources */,
				E4B340B1203EC1DB00896348 /* Protocol.swift in Sources */,
				E4B340B3203EC1F200896348 /* ProtocolUnitTest.swift in Sources */,
				E4AFD27D1F45A9FB0087F79E /* PatternMatchTest.swift in Sources */,
				E43B591B20612DC300D3E1A3 /* MostFrequenceTest.swift in Sources */,
				E462A77620301FAD004F3067 /* OverloadUnitTest.swift in Sources */,
				E4CA5CB6202AEC970086F98F /* CodableTest.swift in Sources */,
				E4642C1A202174900041E8FF /* CBridging.m in Sources */,
			);
			runOnlyForDeploymentPostprocessing = 0;
		};
/* End PBXSourcesBuildPhase section */

/* Begin XCBuildConfiguration section */
		E44DE0C51F32FCE00008D95D /* Debug */ = {
			isa = XCBuildConfiguration;
			buildSettings = {
				ALWAYS_SEARCH_USER_PATHS = NO;
				CLANG_ANALYZER_NONNULL = YES;
				CLANG_ANALYZER_NUMBER_OBJECT_CONVERSION = YES_AGGRESSIVE;
				CLANG_CXX_LANGUAGE_STANDARD = "gnu++14";
				CLANG_CXX_LIBRARY = "libc++";
				CLANG_ENABLE_MODULES = YES;
				CLANG_ENABLE_OBJC_ARC = YES;
				CLANG_WARN_BLOCK_CAPTURE_AUTORELEASING = YES;
				CLANG_WARN_BOOL_CONVERSION = YES;
				CLANG_WARN_COMMA = YES;
				CLANG_WARN_CONSTANT_CONVERSION = YES;
				CLANG_WARN_DIRECT_OBJC_ISA_USAGE = YES_ERROR;
				CLANG_WARN_DOCUMENTATION_COMMENTS = YES;
				CLANG_WARN_EMPTY_BODY = YES;
				CLANG_WARN_ENUM_CONVERSION = YES;
				CLANG_WARN_INFINITE_RECURSION = YES;
				CLANG_WARN_INT_CONVERSION = YES;
				CLANG_WARN_NON_LITERAL_NULL_CONVERSION = YES;
				CLANG_WARN_OBJC_LITERAL_CONVERSION = YES;
				CLANG_WARN_OBJC_ROOT_CLASS = YES_ERROR;
				CLANG_WARN_RANGE_LOOP_ANALYSIS = YES;
				CLANG_WARN_STRICT_PROTOTYPES = YES;
				CLANG_WARN_SUSPICIOUS_MOVE = YES;
				CLANG_WARN_UNGUARDED_AVAILABILITY = YES_AGGRESSIVE;
				CLANG_WARN_UNREACHABLE_CODE = YES;
				CLANG_WARN__DUPLICATE_METHOD_MATCH = YES;
				CODE_SIGN_IDENTITY = "Mac Developer";
				COPY_PHASE_STRIP = NO;
				DEBUG_INFORMATION_FORMAT = dwarf;
				ENABLE_STRICT_OBJC_MSGSEND = YES;
				ENABLE_TESTABILITY = YES;
				GCC_C_LANGUAGE_STANDARD = gnu11;
				GCC_DYNAMIC_NO_PIC = NO;
				GCC_NO_COMMON_BLOCKS = YES;
				GCC_OPTIMIZATION_LEVEL = 0;
				GCC_PREPROCESSOR_DEFINITIONS = (
					"DEBUG=1",
					"$(inherited)",
				);
				GCC_WARN_64_TO_32_BIT_CONVERSION = YES;
				GCC_WARN_ABOUT_RETURN_TYPE = YES_ERROR;
				GCC_WARN_UNDECLARED_SELECTOR = YES;
				GCC_WARN_UNINITIALIZED_AUTOS = YES_AGGRESSIVE;
				GCC_WARN_UNUSED_FUNCTION = YES;
				GCC_WARN_UNUSED_VARIABLE = YES;
				MACOSX_DEPLOYMENT_TARGET = 10.12;
				MTL_ENABLE_DEBUG_INFO = YES;
				ONLY_ACTIVE_ARCH = YES;
				SDKROOT = macosx;
				SWIFT_ACTIVE_COMPILATION_CONDITIONS = DEBUG;
				SWIFT_OPTIMIZATION_LEVEL = "-Onone";
			};
			name = Debug;
		};
		E44DE0C61F32FCE00008D95D /* Release */ = {
			isa = XCBuildConfiguration;
			buildSettings = {
				ALWAYS_SEARCH_USER_PATHS = NO;
				CLANG_ANALYZER_NONNULL = YES;
				CLANG_ANALYZER_NUMBER_OBJECT_CONVERSION = YES_AGGRESSIVE;
				CLANG_CXX_LANGUAGE_STANDARD = "gnu++14";
				CLANG_CXX_LIBRARY = "libc++";
				CLANG_ENABLE_MODULES = YES;
				CLANG_ENABLE_OBJC_ARC = YES;
				CLANG_WARN_BLOCK_CAPTURE_AUTORELEASING = YES;
				CLANG_WARN_BOOL_CONVERSION = YES;
				CLANG_WARN_COMMA = YES;
				CLANG_WARN_CONSTANT_CONVERSION = YES;
				CLANG_WARN_DIRECT_OBJC_ISA_USAGE = YES_ERROR;
				CLANG_WARN_DOCUMENTATION_COMMENTS = YES;
				CLANG_WARN_EMPTY_BODY = YES;
				CLANG_WARN_ENUM_CONVERSION = YES;
				CLANG_WARN_INFINITE_RECURSION = YES;
				CLANG_WARN_INT_CONVERSION = YES;
				CLANG_WARN_NON_LITERAL_NULL_CONVERSION = YES;
				CLANG_WARN_OBJC_LITERAL_CONVERSION = YES;
				CLANG_WARN_OBJC_ROOT_CLASS = YES_ERROR;
				CLANG_WARN_RANGE_LOOP_ANALYSIS = YES;
				CLANG_WARN_STRICT_PROTOTYPES = YES;
				CLANG_WARN_SUSPICIOUS_MOVE = YES;
				CLANG_WARN_UNGUARDED_AVAILABILITY = YES_AGGRESSIVE;
				CLANG_WARN_UNREACHABLE_CODE = YES;
				CLANG_WARN__DUPLICATE_METHOD_MATCH = YES;
				CODE_SIGN_IDENTITY = "Mac Developer";
				COPY_PHASE_STRIP = NO;
				DEBUG_INFORMATION_FORMAT = "dwarf-with-dsym";
				ENABLE_NS_ASSERTIONS = NO;
				ENABLE_STRICT_OBJC_MSGSEND = YES;
				GCC_C_LANGUAGE_STANDARD = gnu11;
				GCC_NO_COMMON_BLOCKS = YES;
				GCC_WARN_64_TO_32_BIT_CONVERSION = YES;
				GCC_WARN_ABOUT_RETURN_TYPE = YES_ERROR;
				GCC_WARN_UNDECLARED_SELECTOR = YES;
				GCC_WARN_UNINITIALIZED_AUTOS = YES_AGGRESSIVE;
				GCC_WARN_UNUSED_FUNCTION = YES;
				GCC_WARN_UNUSED_VARIABLE = YES;
				MACOSX_DEPLOYMENT_TARGET = 10.12;
				MTL_ENABLE_DEBUG_INFO = NO;
				SDKROOT = macosx;
				SWIFT_OPTIMIZATION_LEVEL = "-Owholemodule";
			};
			name = Release;
		};
		E44DE0C81F32FCE00008D95D /* Debug */ = {
			isa = XCBuildConfiguration;
			buildSettings = {
				DEVELOPMENT_TEAM = X57K7JH2EV;
				PRODUCT_NAME = "$(TARGET_NAME)";
				SWIFT_SWIFT3_OBJC_INFERENCE = On;
				SWIFT_VERSION = 4.0;
			};
			name = Debug;
		};
		E44DE0C91F32FCE00008D95D /* Release */ = {
			isa = XCBuildConfiguration;
			buildSettings = {
				DEVELOPMENT_TEAM = X57K7JH2EV;
				PRODUCT_NAME = "$(TARGET_NAME)";
				SWIFT_SWIFT3_OBJC_INFERENCE = On;
				SWIFT_VERSION = 4.0;
			};
			name = Release;
		};
		E44DE0D71F32FF990008D95D /* Debug */ = {
			isa = XCBuildConfiguration;
			buildSettings = {
				CLANG_ENABLE_MODULES = YES;
				COMBINE_HIDPI_IMAGES = YES;
				DEVELOPMENT_TEAM = X57K7JH2EV;
				INFOPLIST_FILE = SwiftAdvanceUnitTest/Info.plist;
				LD_RUNPATH_SEARCH_PATHS = "$(inherited) @executable_path/../Frameworks @loader_path/../Frameworks";
				PRODUCT_BUNDLE_IDENTIFIER = com.Ray.SwiftAdvanceUnitTest;
				PRODUCT_NAME = "$(TARGET_NAME)";
				SWIFT_OBJC_BRIDGING_HEADER = "SwiftAdvanceUnitTest/AdcancedSwift/3集合类型协议/SwiftAdvanceUnitTest-Bridging-Header.h";
				SWIFT_OPTIMIZATION_LEVEL = "-Onone";
				SWIFT_SWIFT3_OBJC_INFERENCE = On;
				SWIFT_VERSION = 4.0;
			};
			name = Debug;
		};
		E44DE0D81F32FF990008D95D /* Release */ = {
			isa = XCBuildConfiguration;
			buildSettings = {
				CLANG_ENABLE_MODULES = YES;
				COMBINE_HIDPI_IMAGES = YES;
				DEVELOPMENT_TEAM = X57K7JH2EV;
				INFOPLIST_FILE = SwiftAdvanceUnitTest/Info.plist;
				LD_RUNPATH_SEARCH_PATHS = "$(inherited) @executable_path/../Frameworks @loader_path/../Frameworks";
				PRODUCT_BUNDLE_IDENTIFIER = com.Ray.SwiftAdvanceUnitTest;
				PRODUCT_NAME = "$(TARGET_NAME)";
				SWIFT_OBJC_BRIDGING_HEADER = "SwiftAdvanceUnitTest/AdcancedSwift/3集合类型协议/SwiftAdvanceUnitTest-Bridging-Header.h";
				SWIFT_SWIFT3_OBJC_INFERENCE = On;
				SWIFT_VERSION = 4.0;
			};
			name = Release;
		};
/* End XCBuildConfiguration section */

/* Begin XCConfigurationList section */
		E44DE0BB1F32FCDF0008D95D /* Build configuration list for PBXProject "SwiftAdvance" */ = {
			isa = XCConfigurationList;
			buildConfigurations = (
				E44DE0C51F32FCE00008D95D /* Debug */,
				E44DE0C61F32FCE00008D95D /* Release */,
			);
			defaultConfigurationIsVisible = 0;
			defaultConfigurationName = Release;
		};
		E44DE0C71F32FCE00008D95D /* Build configuration list for PBXNativeTarget "SwiftAdvance" */ = {
			isa = XCConfigurationList;
			buildConfigurations = (
				E44DE0C81F32FCE00008D95D /* Debug */,
				E44DE0C91F32FCE00008D95D /* Release */,
			);
			defaultConfigurationIsVisible = 0;
			defaultConfigurationName = Release;
		};
		E44DE0D61F32FF990008D95D /* Build configuration list for PBXNativeTarget "SwiftAdvanceUnitTest" */ = {
			isa = XCConfigurationList;
			buildConfigurations = (
				E44DE0D71F32FF990008D95D /* Debug */,
				E44DE0D81F32FF990008D95D /* Release */,
			);
			defaultConfigurationIsVisible = 0;
			defaultConfigurationName = Release;
		};
/* End XCConfigurationList section */
	};
	rootObject = E44DE0B81F32FCDF0008D95D /* Project object */;
}
